
Microsoft Visual Studio Solution File, Format Version 12.00
# Visual Studio Version 17
VisualStudioVersion = 17.3.32929.385
MinimumVisualStudioVersion = 10.0.40219.1
Project("{FAE04EC0-301F-11D3-BF4B-00C04F79EFBC}") = "DoWhileProject", "DoWhileProject\DoWhileProject.csproj", "{FCA8DE36-DDC4-44B7-8C74-64F2097D5847}"
EndProject
Project("{FAE04EC0-301F-11D3-BF4B-00C04F79EFBC}") = "DoWhileProject2", "DoWhileProject2\DoWhileProject2.csproj", "{6D89A1CB-9D7E-41DB-A1A2-BC1C17B482F1}"
EndProject
Project("{FAE04EC0-301F-11D3-BF4B-00C04F79EFBC}") = "DoWhileProject3", "DoWhileProject3\DoWhileProject3.csproj", "{E6FEA3CB-DDBD-45CD-ADBC-AEFC60DBECD9}"
EndProject
Project("{FAE04EC0-301F-11D3-BF4B-00C04F79EFBC}") = "DoWhileProject4", "DoWhileProject4\DoWhileProject4.csproj", "{F3730667-6117-41F4-B068-B6E250857BDE}"
EndProject
Project("{FAE04EC0-301F-11D3-BF4B-00C04F79EFBC}") = "DoWhileProject5", "DoWhileProject5\DoWhileProject5.csproj", "{691E02B7-0060-4AA1-AEE9-4976285467E7}"
EndProject
Global
	GlobalSection(SolutionConfigurationPlatforms) = preSolution
		Debug|Any CPU = Debug|Any CPU
		Release|Any CPU = Release|Any CPU
	EndGlobalSection
	GlobalSection(ProjectConfigurationPlatforms) = postSolution
		{FCA8DE36-DDC4-44B7-8C74-64F2097D5847}.Debug|Any CPU.ActiveCfg = Debug|Any CPU
		{FCA8DE36-DDC4-44B7-8C74-64F2097D5847}.Debug|Any CPU.Build.0 = Debug|Any CPU
		{FCA8DE36-DDC4-44B7-8C74-64F2097D5847}.Release|Any CPU.ActiveCfg = Release|Any CPU
		{FCA8DE36-DDC4-44B7-8C74-64F2097D5847}.Release|Any CPU.Build.0 = Release|Any CPU
		{6D89A1CB-9D7E-41DB-A1A2-BC1C17B482F1}.Debug|Any CPU.ActiveCfg = Debug|Any CPU
		{6D89A1CB-9D7E-41DB-A1A2-BC1C17B482F1}.Debug|Any CPU.Build.0 = Debug|Any CPU
		{6D89A1CB-9D7E-41DB-A1A2-BC1C17B482F1}.Release|Any CPU.ActiveCfg = Release|Any CPU
		{6D89A1CB-9D7E-41DB-A1A2-BC1C17B482F1}.Release|Any CPU.Build.0 = Release|Any CPU
		{E6FEA3CB-DDBD-45CD-ADBC-AEFC60DBECD9}.Debug|Any CPU.ActiveCfg = Debug|Any CPU
		{E6FEA3CB-DDBD-45CD-ADBC-AEFC60DBECD9}.Debug|Any CPU.Build.0 = Debug|Any CPU
		{E6FEA3CB-DDBD-45CD-ADBC-AEFC60DBECD9}.Release|Any CPU.ActiveCfg = Release|Any CPU
		{E6FEA3CB-DDBD-45CD-ADBC-AEFC60DBECD9}.Release|Any CPU.Build.0 = Release|Any CPU
		{F3730667-6117-41F4-B068-B6E250857BDE}.Debug|Any CPU.ActiveCfg = Debug|Any CPU
		{F3730667-6117-41F4-B068-B6E250857BDE}.Debug|Any CPU.Build.0 = Debug|Any CPU
		{F3730667-6117-41F4-B068-B6E250857BDE}.Release|Any CPU.ActiveCfg = Release|Any CPU
		{F3730667-6117-41F4-B068-B6E250857BDE}.Release|Any CPU.Build.0 = Release|Any CPU
		{691E02B7-0060-4AA1-AEE9-4976285467E7}.Debug|Any CPU.ActiveCfg = Debug|Any CPU
		{691E02B7-0060-4AA1-AEE9-4976285467E7}.Debug|Any CPU.Build.0 = Debug|Any CPU
		{691E02B7-0060-4AA1-AEE9-4976285467E7}.Release|Any CPU.ActiveCfg = Release|Any CPU
		{691E02B7-0060-4AA1-AEE9-4976285467E7}.Release|Any CPU.Build.0 = Release|Any CPU
	EndGlobalSection
	GlobalSection(SolutionProperties) = preSolution
		HideSolutionNode = FALSE
	EndGlobalSection
	GlobalSection(ExtensibilityGlobals) = postSolution
		SolutionGuid = {0D43F1FA-AA92-436C-84DF-5174349188CE}
	EndGlobalSection
EndGlobal
